// !$*UTF8*$!
{
	archiveVersion = 1;
	classes = {
	};
	objectVersion = 46;
	objects = {

/* Begin PBXBuildFile section */
		668E0EBE1E7B9B2E00E1D54E /* AppDelegate.swift in Sources */ = {isa = PBXBuildFile; fileRef = 668E0EBD1E7B9B2E00E1D54E /* AppDelegate.swift */; };
		668E0EC01E7B9B2E00E1D54E /* ViewController.swift in Sources */ = {isa = PBXBuildFile; fileRef = 668E0EBF1E7B9B2E00E1D54E /* ViewController.swift */; };
		668E0EC31E7B9B2E00E1D54E /* Main.storyboard in Resources */ = {isa = PBXBuildFile; fileRef = 668E0EC11E7B9B2E00E1D54E /* Main.storyboard */; };
		668E0EC51E7B9B2E00E1D54E /* Assets.xcassets in Resources */ = {isa = PBXBuildFile; fileRef = 668E0EC41E7B9B2E00E1D54E /* Assets.xcassets */; };
		668E0EC81E7B9B2E00E1D54E /* LaunchScreen.storyboard in Resources */ = {isa = PBXBuildFile; fileRef = 668E0EC61E7B9B2E00E1D54E /* LaunchScreen.storyboard */; };
		668E0ED31E7B9B2E00E1D54E /* DestroyTheWorldTests.swift in Sources */ = {isa = PBXBuildFile; fileRef = 668E0ED21E7B9B2E00E1D54E /* DestroyTheWorldTests.swift */; };
		668E0EDE1E7B9B2E00E1D54E /* DestroyTheWorldUITests.swift in Sources */ = {isa = PBXBuildFile; fileRef = 668E0EDD1E7B9B2E00E1D54E /* DestroyTheWorldUITests.swift */; };
/* End PBXBuildFile section */

/* Begin PBXContainerItemProxy section */
		668E0ECF1E7B9B2E00E1D54E /* PBXContainerItemProxy */ = {
			isa = PBXContainerItemProxy;
			containerPortal = 668E0EB21E7B9B2D00E1D54E /* Project object */;
			proxyType = 1;
			remoteGlobalIDString = 668E0EB91E7B9B2E00E1D54E;
			remoteInfo = DestroyTheWorld;
		};
		668E0EDA1E7B9B2E00E1D54E /* PBXContainerItemProxy */ = {
			isa = PBXContainerItemProxy;
			containerPortal = 668E0EB21E7B9B2D00E1D54E /* Project object */;
			proxyType = 1;
			remoteGlobalIDString = 668E0EB91E7B9B2E00E1D54E;
			remoteInfo = DestroyTheWorld;
		};
/* End PBXContainerItemProxy section */

/* Begin PBXFileReference section */
		668E0EBA1E7B9B2E00E1D54E /* DestroyTheWorld.app */ = {isa = PBXFileReference; explicitFileType = wrapper.application; includeInIndex = 0; path = DestroyTheWorld.app; sourceTree = BUILT_PRODUCTS_DIR; };
		668E0EBD1E7B9B2E00E1D54E /* AppDelegate.swift */ = {isa = PBXFileReference; lastKnownFileType = sourcecode.swift; path = AppDelegate.swift; sourceTree = "<group>"; };
		668E0EBF1E7B9B2E00E1D54E /* ViewController.swift */ = {isa = PBXFileReference; lastKnownFileType = sourcecode.swift; path = ViewController.swift; sourceTree = "<group>"; };
		668E0EC21E7B9B2E00E1D54E /* Base */ = {isa = PBXFileReference; lastKnownFileType = file.storyboard; name = Base; path = Base.lproj/Main.storyboard; sourceTree = "<group>"; };
		668E0EC41E7B9B2E00E1D54E /* Assets.xcassets */ = {isa = PBXFileReference; lastKnownFileType = folder.assetcatalog; path = Assets.xcassets; sourceTree = "<group>"; };
		668E0EC71E7B9B2E00E1D54E /* Base */ = {isa = PBXFileReference; lastKnownFileType = file.storyboard; name = Base; path = Base.lproj/LaunchScreen.storyboard; sourceTree = "<group>"; };
		668E0EC91E7B9B2E00E1D54E /* Info.plist */ = {isa = PBXFileReference; lastKnownFileType = text.plist.xml; path = Info.plist; sourceTree = "<group>"; };
		668E0ECE1E7B9B2E00E1D54E /* DestroyTheWorldTests.xctest */ = {isa = PBXFileReference; explicitFileType = wrapper.cfbundle; includeInIndex = 0; path = DestroyTheWorldTests.xctest; sourceTree = BUILT_PRODUCTS_DIR; };
		668E0ED21E7B9B2E00E1D54E /* DestroyTheWorldTests.swift */ = {isa = PBXFileReference; lastKnownFileType = sourcecode.swift; path = DestroyTheWorldTests.swift; sourceTree = "<group>"; };
		668E0ED41E7B9B2E00E1D54E /* Info.plist */ = {isa = PBXFileReference; lastKnownFileType = text.plist.xml; path = Info.plist; sourceTree = "<group>"; };
		668E0ED91E7B9B2E00E1D54E /* DestroyTheWorldUITests.xctest */ = {isa = PBXFileReference; explicitFileType = wrapper.cfbundle; includeInIndex = 0; path = DestroyTheWorldUITests.xctest; sourceTree = BUILT_PRODUCTS_DIR; };
		668E0EDD1E7B9B2E00E1D54E /* DestroyTheWorldUITests.swift */ = {isa = PBXFileReference; lastKnownFileType = sourcecode.swift; path = DestroyTheWorldUITests.swift; sourceTree = "<group>"; };
		668E0EDF1E7B9B2E00E1D54E /* Info.plist */ = {isa = PBXFileReference; lastKnownFileType = text.plist.xml; path = Info.plist; sourceTree = "<group>"; };
/* End PBXFileReference section */

/* Begin PBXFrameworksBuildPhase section */
		668E0EB71E7B9B2E00E1D54E /* Frameworks */ = {
			isa = PBXFrameworksBuildPhase;
			buildActionMask = 2147483647;
			files = (
			);
			runOnlyForDeploymentPostprocessing = 0;
		};
		668E0ECB1E7B9B2E00E1D54E /* Frameworks */ = {
			isa = PBXFrameworksBuildPhase;
			buildActionMask = 2147483647;
			files = (
			);
			runOnlyForDeploymentPostprocessing = 0;
		};
		668E0ED61E7B9B2E00E1D54E /* Frameworks */ = {
			isa = PBXFrameworksBuildPhase;
			buildActionMask = 2147483647;
			files = (
			);
			runOnlyForDeploymentPostprocessing = 0;
		};
/* End PBXFrameworksBuildPhase section */

/* Begin PBXGroup section */
		668E0EB11E7B9B2D00E1D54E = {
			isa = PBXGroup;
			children = (
				668E0EBC1E7B9B2E00E1D54E /* DestroyTheWorld */,
				668E0ED11E7B9B2E00E1D54E /* DestroyTheWorldTests */,
				668E0EDC1E7B9B2E00E1D54E /* DestroyTheWorldUITests */,
				668E0EBB1E7B9B2E00E1D54E /* Products */,
			);
			sourceTree = "<group>";
		};
		668E0EBB1E7B9B2E00E1D54E /* Products */ = {
			isa = PBXGroup;
			children = (
				668E0EBA1E7B9B2E00E1D54E /* DestroyTheWorld.app */,
				668E0ECE1E7B9B2E00E1D54E /* DestroyTheWorldTests.xctest */,
				668E0ED91E7B9B2E00E1D54E /* DestroyTheWorldUITests.xctest */,
			);
			name = Products;
			sourceTree = "<group>";
		};
		668E0EBC1E7B9B2E00E1D54E /* DestroyTheWorld */ = {
			isa = PBXGroup;
			children = (
				668E0EBD1E7B9B2E00E1D54E /* AppDelegate.swift */,
				668E0EBF1E7B9B2E00E1D54E /* ViewController.swift */,
				668E0EC11E7B9B2E00E1D54E /* Main.storyboard */,
				668E0EC41E7B9B2E00E1D54E /* Assets.xcassets */,
				668E0EC61E7B9B2E00E1D54E /* LaunchScreen.storyboard */,
				668E0EC91E7B9B2E00E1D54E /* Info.plist */,
			);
			path = DestroyTheWorld;
			sourceTree = "<group>";
		};
		668E0ED11E7B9B2E00E1D54E /* DestroyTheWorldTests */ = {
			isa = PBXGroup;
			children = (
				668E0ED21E7B9B2E00E1D54E /* DestroyTheWorldTests.swift */,
				668E0ED41E7B9B2E00E1D54E /* Info.plist */,
			);
			path = DestroyTheWorldTests;
			sourceTree = "<group>";
		};
		668E0EDC1E7B9B2E00E1D54E /* DestroyTheWorldUITests */ = {
			isa = PBXGroup;
			children = (
				668E0EDD1E7B9B2E00E1D54E /* DestroyTheWorldUITests.swift */,
				668E0EDF1E7B9B2E00E1D54E /* Info.plist */,
			);
			path = DestroyTheWorldUITests;
			sourceTree = "<group>";
		};
/* End PBXGroup section */

/* Begin PBXNativeTarget section */
		668E0EB91E7B9B2E00E1D54E /* DestroyTheWorld */ = {
			isa = PBXNativeTarget;
			buildConfigurationList = 668E0EE21E7B9B2E00E1D54E /* Build configuration list for PBXNativeTarget "DestroyTheWorld" */;
			buildPhases = (
				668E0EB61E7B9B2E00E1D54E /* Sources */,
				668E0EB71E7B9B2E00E1D54E /* Frameworks */,
				668E0EB81E7B9B2E00E1D54E /* Resources */,
			);
			buildRules = (
			);
			dependencies = (
			);
			name = DestroyTheWorld;
			productName = DestroyTheWorld;
			productReference = 668E0EBA1E7B9B2E00E1D54E /* DestroyTheWorld.app */;
			productType = "com.apple.product-type.application";
		};
		668E0ECD1E7B9B2E00E1D54E /* DestroyTheWorldTests */ = {
			isa = PBXNativeTarget;
			buildConfigurationList = 668E0EE51E7B9B2E00E1D54E /* Build configuration list for PBXNativeTarget "DestroyTheWorldTests" */;
			buildPhases = (
				668E0ECA1E7B9B2E00E1D54E /* Sources */,
				668E0ECB1E7B9B2E00E1D54E /* Frameworks */,
				668E0ECC1E7B9B2E00E1D54E /* Resources */,
			);
			buildRules = (
			);
			dependencies = (
				668E0ED01E7B9B2E00E1D54E /* PBXTargetDependency */,
			);
			name = DestroyTheWorldTests;
			productName = DestroyTheWorldTests;
			productReference = 668E0ECE1E7B9B2E00E1D54E /* DestroyTheWorldTests.xctest */;
			productType = "com.apple.product-type.bundle.unit-test";
		};
		668E0ED81E7B9B2E00E1D54E /* DestroyTheWorldUITests */ = {
			isa = PBXNativeTarget;
			buildConfigurationList = 668E0EE81E7B9B2E00E1D54E /* Build configuration list for PBXNativeTarget "DestroyTheWorldUITests" */;
			buildPhases = (
				668E0ED51E7B9B2E00E1D54E /* Sources */,
				668E0ED61E7B9B2E00E1D54E /* Frameworks */,
				668E0ED71E7B9B2E00E1D54E /* Resources */,
			);
			buildRules = (
			);
			dependencies = (
				668E0EDB1E7B9B2E00E1D54E /* PBXTargetDependency */,
			);
			name = DestroyTheWorldUITests;
			productName = DestroyTheWorldUITests;
			productReference = 668E0ED91E7B9B2E00E1D54E /* DestroyTheWorldUITests.xctest */;
			productType = "com.apple.product-type.bundle.ui-testing";
		};
/* End PBXNativeTarget section */

/* Begin PBXProject section */
		668E0EB21E7B9B2D00E1D54E /* Project object */ = {
			isa = PBXProject;
			attributes = {
				LastSwiftUpdateCheck = 0820;
				LastUpgradeCheck = 0820;
				ORGANIZATIONNAME = "Adam Hogan";
				TargetAttributes = {
					668E0EB91E7B9B2E00E1D54E = {
						CreatedOnToolsVersion = 8.2.1;
						ProvisioningStyle = Automatic;
					};
					668E0ECD1E7B9B2E00E1D54E = {
						CreatedOnToolsVersion = 8.2.1;
						ProvisioningStyle = Automatic;
						TestTargetID = 668E0EB91E7B9B2E00E1D54E;
					};
					668E0ED81E7B9B2E00E1D54E = {
						CreatedOnToolsVersion = 8.2.1;
						ProvisioningStyle = Automatic;
						TestTargetID = 668E0EB91E7B9B2E00E1D54E;
					};
				};
			};
			buildConfigurationList = 668E0EB51E7B9B2E00E1D54E /* Build configuration list for PBXProject "DestroyTheWorld" */;
			compatibilityVersion = "Xcode 3.2";
			developmentRegion = English;
			hasScannedForEncodings = 0;
			knownRegions = (
				en,
				Base,
			);
			mainGroup = 668E0EB11E7B9B2D00E1D54E;
			productRefGroup = 668E0EBB1E7B9B2E00E1D54E /* Products */;
			projectDirPath = "";
			projectRoot = "";
			targets = (
				668E0EB91E7B9B2E00E1D54E /* DestroyTheWorld */,
				668E0ECD1E7B9B2E00E1D54E /* DestroyTheWorldTests */,
				668E0ED81E7B9B2E00E1D54E /* DestroyTheWorldUITests */,
			);
		};
/* End PBXProject section */

/* Begin PBXResourcesBuildPhase section */
		668E0EB81E7B9B2E00E1D54E /* Resources */ = {
			isa = PBXResourcesBuildPhase;
			buildActionMask = 2147483647;
			files = (
				668E0EC81E7B9B2E00E1D54E /* LaunchScreen.storyboard in Resources */,
				668E0EC51E7B9B2E00E1D54E /* Assets.xcassets in Resources */,
				668E0EC31E7B9B2E00E1D54E /* Main.storyboard in Resources */,
			);
			runOnlyForDeploymentPostprocessing = 0;
		};
		668E0ECC1E7B9B2E00E1D54E /* Resources */ = {
			isa = PBXResourcesBuildPhase;
			buildActionMask = 2147483647;
			files = (
			);
			runOnlyForDeploymentPostprocessing = 0;
		};
		668E0ED71E7B9B2E00E1D54E /* Resources */ = {
			isa = PBXResourcesBuildPhase;
			buildActionMask = 2147483647;
			files = (
			);
			runOnlyForDeploymentPostprocessing = 0;
		};
/* End PBXResourcesBuildPhase section */

/* Begin PBXSourcesBuildPhase section */
		668E0EB61E7B9B2E00E1D54E /* Sources */ = {
			isa = PBXSourcesBuildPhase;
			buildActionMask = 2147483647;
			files = (
				668E0EC01E7B9B2E00E1D54E /* ViewController.swift in Sources */,
				668E0EBE1E7B9B2E00E1D54E /* AppDelegate.swift in Sources */,
			);
			runOnlyForDeploymentPostprocessing = 0;
		};
		668E0ECA1E7B9B2E00E1D54E /* Sources */ = {
			isa = PBXSourcesBuildPhase;
			buildActionMask = 2147483647;
			files = (
				668E0ED31E7B9B2E00E1D54E /* DestroyTheWorldTests.swift in Sources */,
			);
			runOnlyForDeploymentPostprocessing = 0;
		};
		668E0ED51E7B9B2E00E1D54E /* Sources */ = {
			isa = PBXSourcesBuildPhase;
			buildActionMask = 2147483647;
			files = (
				668E0EDE1E7B9B2E00E1D54E /* DestroyTheWorldUITests.swift in Sources */,
			);
			runOnlyForDeploymentPostprocessing = 0;
		};
/* End PBXSourcesBuildPhase section */

/* Begin PBXTargetDependency section */
		668E0ED01E7B9B2E00E1D54E /* PBXTargetDependency */ = {
			isa = PBXTargetDependency;
			target = 668E0EB91E7B9B2E00E1D54E /* DestroyTheWorld */;
			targetProxy = 668E0ECF1E7B9B2E00E1D54E /* PBXContainerItemProxy */;
		};
		668E0EDB1E7B9B2E00E1D54E /* PBXTargetDependency */ = {
			isa = PBXTargetDependency;
			target = 668E0EB91E7B9B2E00E1D54E /* DestroyTheWorld */;
			targetProxy = 668E0EDA1E7B9B2E00E1D54E /* PBXContainerItemProxy */;
		};
/* End PBXTargetDependency section */

/* Begin PBXVariantGroup section */
		668E0EC11E7B9B2E00E1D54E /* Main.storyboard */ = {
			isa = PBXVariantGroup;
			children = (
				668E0EC21E7B9B2E00E1D54E /* Base */,
			);
			name = Main.storyboard;
			sourceTree = "<group>";
		};
		668E0EC61E7B9B2E00E1D54E /* LaunchScreen.storyboard */ = {
			isa = PBXVariantGroup;
			children = (
				668E0EC71E7B9B2E00E1D54E /* Base */,
			);
			name = LaunchScreen.storyboard;
			sourceTree = "<group>";
		};
/* End PBXVariantGroup section */

/* Begin XCBuildConfiguration section */
		668E0EE01E7B9B2E00E1D54E /* Debug */ = {
			isa = XCBuildConfiguration;
			buildSettings = {
				ALWAYS_SEARCH_USER_PATHS = NO;
				CLANG_ANALYZER_NONNULL = YES;
				CLANG_CXX_LANGUAGE_STANDARD = "gnu++0x";
				CLANG_CXX_LIBRARY = "libc++";
				CLANG_ENABLE_MODULES = YES;
				CLANG_ENABLE_OBJC_ARC = YES;
				CLANG_WARN_BOOL_CONVERSION = YES;
				CLANG_WARN_CONSTANT_CONVERSION = YES;
				CLANG_WARN_DIRECT_OBJC_ISA_USAGE = YES_ERROR;
				CLANG_WARN_DOCUMENTATION_COMMENTS = YES;
				CLANG_WARN_EMPTY_BODY = YES;
				CLANG_WARN_ENUM_CONVERSION = YES;
				CLANG_WARN_INFINITE_RECURSION = YES;
				CLANG_WARN_INT_CONVERSION = YES;
				CLANG_WARN_OBJC_ROOT_CLASS = YES_ERROR;
				CLANG_WARN_SUSPICIOUS_MOVE = YES;
				CLANG_WARN_UNREACHABLE_CODE = YES;
				CLANG_WARN__DUPLICATE_METHOD_MATCH = YES;
				"CODE_SIGN_IDENTITY[sdk=iphoneos*]" = "iPhone Developer";
				COPY_PHASE_STRIP = NO;
				DEBUG_INFORMATION_FORMAT = dwarf;
				ENABLE_STRICT_OBJC_MSGSEND = YES;
				ENABLE_TESTABILITY = YES;
				GCC_C_LANGUAGE_STANDARD = gnu99;
				GCC_DYNAMIC_NO_PIC = NO;
				GCC_NO_COMMON_BLOCKS = YES;
				GCC_OPTIMIZATION_LEVEL = 0;
				GCC_PREPROCESSOR_DEFINITIONS = (
					"DEBUG=1",
					"$(inherited)",
				);
				GCC_WARN_64_TO_32_BIT_CONVERSION = YES;
				GCC_WARN_ABOUT_RETURN_TYPE = YES_ERROR;
				GCC_WARN_UNDECLARED_SELECTOR = YES;
				GCC_WARN_UNINITIALIZED_AUTOS = YES_AGGRESSIVE;
				GCC_WARN_UNUSED_FUNCTION = YES;
				GCC_WARN_UNUSED_VARIABLE = YES;
				IPHONEOS_DEPLOYMENT_TARGET = 10.2;
				MTL_ENABLE_DEBUG_INFO = YES;
				ONLY_ACTIVE_ARCH = YES;
				SDKROOT = iphoneos;
				SWIFT_ACTIVE_COMPILATION_CONDITIONS = DEBUG;
				SWIFT_OPTIMIZATION_LEVEL = "-Onone";
				TARGETED_DEVICE_FAMILY = "1,2";
			};
			name = Debug;
		};
		668E0EE11E7B9B2E00E1D54E /* Release */ = {
			isa = XCBuildConfiguration;
			buildSettings = {
				ALWAYS_SEARCH_USER_PATHS = NO;
				CLANG_ANALYZER_NONNULL = YES;
				CLANG_CXX_LANGUAGE_STANDARD = "gnu++0x";
				CLANG_CXX_LIBRARY = "libc++";
				CLANG_ENABLE_MODULES = YES;
				CLANG_ENABLE_OBJC_ARC = YES;
				CLANG_WARN_BOOL_CONVERSION = YES;
				CLANG_WARN_CONSTANT_CONVERSION = YES;
				CLANG_WARN_DIRECT_OBJC_ISA_USAGE = YES_ERROR;
				CLANG_WARN_DOCUMENTATION_COMMENTS = YES;
				CLANG_WARN_EMPTY_BODY = YES;
				CLANG_WARN_ENUM_CONVERSION = YES;
				CLANG_WARN_INFINITE_RECURSION = YES;
				CLANG_WARN_INT_CONVERSION = YES;
				CLANG_WARN_OBJC_ROOT_CLASS = YES_ERROR;
				CLANG_WARN_SUSPICIOUS_MOVE = YES;
				CLANG_WARN_UNREACHABLE_CODE = YES;
				CLANG_WARN__DUPLICATE_METHOD_MATCH = YES;
				"CODE_SIGN_IDENTITY[sdk=iphoneos*]" = "iPhone Developer";
				COPY_PHASE_STRIP = NO;
				DEBUG_INFORMATION_FORMAT = "dwarf-with-dsym";
				ENABLE_NS_ASSERTIONS = NO;
				ENABLE_STRICT_OBJC_MSGSEND = YES;
				GCC_C_LANGUAGE_STANDARD = gnu99;
				GCC_NO_COMMON_BLOCKS = YES;
				GCC_WARN_64_TO_32_BIT_CONVERSION = YES;
				GCC_WARN_ABOUT_RETURN_TYPE = YES_ERROR;
				GCC_WARN_UNDECLARED_SELECTOR = YES;
				GCC_WARN_UNINITIALIZED_AUTOS = YES_AGGRESSIVE;
				GCC_WARN_UNUSED_FUNCTION = YES;
				GCC_WARN_UNUSED_VARIABLE = YES;
				IPHONEOS_DEPLOYMENT_TARGET = 10.2;
				MTL_ENABLE_DEBUG_INFO = NO;
				SDKROOT = iphoneos;
				SWIFT_OPTIMIZATION_LEVEL = "-Owholemodule";
				TARGETED_DEVICE_FAMILY = "1,2";
				VALIDATE_PRODUCT = YES;
			};
			name = Release;
		};
		668E0EE31E7B9B2E00E1D54E /* Debug */ = {
			isa = XCBuildConfiguration;
			buildSettings = {
				ASSETCATALOG_COMPILER_APPICON_NAME = AppIcon;
				INFOPLIST_FILE = DestroyTheWorld/Info.plist;
				LD_RUNPATH_SEARCH_PATHS = "$(inherited) @executable_path/Frameworks";
				PRODUCT_BUNDLE_IDENTIFIER = Grimes.DestroyTheWorld;
				PRODUCT_NAME = "$(TARGET_NAME)";
				SWIFT_VERSION = 3.0;
			};
			name = Debug;
		};
		668E0EE41E7B9B2E00E1D54E /* Release */ = {
			isa = XCBuildConfiguration;
			buildSettings = {
				ASSETCATALOG_COMPILER_APPICON_NAME = AppIcon;
				INFOPLIST_FILE = DestroyTheWorld/Info.plist;
				LD_RUNPATH_SEARCH_PATHS = "$(inherited) @executable_path/Frameworks";
				PRODUCT_BUNDLE_IDENTIFIER = Grimes.DestroyTheWorld;
				PRODUCT_NAME = "$(TARGET_NAME)";
				SWIFT_VERSION = 3.0;
			};
			name = Release;
		};
		668E0EE61E7B9B2E00E1D54E /* Debug */ = {
			isa = XCBuildConfiguration;
			buildSettings = {
				ALWAYS_EMBED_SWIFT_STANDARD_LIBRARIES = YES;
				BUNDLE_LOADER = "$(TEST_HOST)";
				INFOPLIST_FILE = DestroyTheWorldTests/Info.plist;
				LD_RUNPATH_SEARCH_PATHS = "$(inherited) @executable_path/Frameworks @loader_path/Frameworks";
				PRODUCT_BUNDLE_IDENTIFIER = Grimes.DestroyTheWorldTests;
				PRODUCT_NAME = "$(TARGET_NAME)";
				SWIFT_VERSION = 3.0;
				TEST_HOST = "$(BUILT_PRODUCTS_DIR)/DestroyTheWorld.app/DestroyTheWorld";
			};
			name = Debug;
		};
		668E0EE71E7B9B2E00E1D54E /* Release */ = {
			isa = XCBuildConfiguration;
			buildSettings = {
				ALWAYS_EMBED_SWIFT_STANDARD_LIBRARIES = YES;
				BUNDLE_LOADER = "$(TEST_HOST)";
				INFOPLIST_FILE = DestroyTheWorldTests/Info.plist;
				LD_RUNPATH_SEARCH_PATHS = "$(inherited) @executable_path/Frameworks @loader_path/Frameworks";
				PRODUCT_BUNDLE_IDENTIFIER = Grimes.DestroyTheWorldTests;
				PRODUCT_NAME = "$(TARGET_NAME)";
				SWIFT_VERSION = 3.0;
				TEST_HOST = "$(BUILT_PRODUCTS_DIR)/DestroyTheWorld.app/DestroyTheWorld";
			};
			name = Release;
		};
		668E0EE91E7B9B2E00E1D54E /* Debug */ = {
			isa = XCBuildConfiguration;
			buildSettings = {
				ALWAYS_EMBED_SWIFT_STANDARD_LIBRARIES = YES;
				INFOPLIST_FILE = DestroyTheWorldUITests/Info.plist;
				LD_RUNPATH_SEARCH_PATHS = "$(inherited) @executable_path/Frameworks @loader_path/Frameworks";
				PRODUCT_BUNDLE_IDENTIFIER = Grimes.DestroyTheWorldUITests;
				PRODUCT_NAME = "$(TARGET_NAME)";
				SWIFT_VERSION = 3.0;
				TEST_TARGET_NAME = DestroyTheWorld;
			};
			name = Debug;
		};
		668E0EEA1E7B9B2E00E1D54E /* Release */ = {
			isa = XCBuildConfiguration;
			buildSettings = {
				ALWAYS_EMBED_SWIFT_STANDARD_LIBRARIES = YES;
				INFOPLIST_FILE = DestroyTheWorldUITests/Info.plist;
				LD_RUNPATH_SEARCH_PATHS = "$(inherited) @executable_path/Frameworks @loader_path/Frameworks";
				PRODUCT_BUNDLE_IDENTIFIER = Grimes.DestroyTheWorldUITests;
				PRODUCT_NAME = "$(TARGET_NAME)";
				SWIFT_VERSION = 3.0;
				TEST_TARGET_NAME = DestroyTheWorld;
			};
			name = Release;
		};
/* End XCBuildConfiguration section */

/* Begin XCConfigurationList section */
		668E0EB51E7B9B2E00E1D54E /* Build configuration list for PBXProject "DestroyTheWorld" */ = {
			isa = XCConfigurationList;
			buildConfigurations = (
				668E0EE01E7B9B2E00E1D54E /* Debug */,
				668E0EE11E7B9B2E00E1D54E /* Release */,
			);
			defaultConfigurationIsVisible = 0;
			defaultConfigurationName = Release;
		};
		668E0EE21E7B9B2E00E1D54E /* Build configuration list for PBXNativeTarget "DestroyTheWorld" */ = {
			isa = XCConfigurationList;
			buildConfigurations = (
				668E0EE31E7B9B2E00E1D54E /* Debug */,
				668E0EE41E7B9B2E00E1D54E /* Release */,
			);
			defaultConfigurationIsVisible = 0;
		};
		668E0EE51E7B9B2E00E1D54E /* Build configuration list for PBXNativeTarget "DestroyTheWorldTests" */ = {
			isa = XCConfigurationList;
			buildConfigurations = (
				668E0EE61E7B9B2E00E1D54E /* Debug */,
				668E0EE71E7B9B2E00E1D54E /* Release */,
			);
			defaultConfigurationIsVisible = 0;
		};
		668E0EE81E7B9B2E00E1D54E /* Build configuration list for PBXNativeTarget "DestroyTheWorldUITests" */ = {
			isa = XCConfigurationList;
			buildConfigurations = (
				668E0EE91E7B9B2E00E1D54E /* Debug */,
				668E0EEA1E7B9B2E00E1D54E /* Release */,
			);
			defaultConfigurationIsVisible = 0;
		};
/* End XCConfigurationList section */
	};
	rootObject = 668E0EB21E7B9B2D00E1D54E /* Project object */;
}
